
Microsoft Visual Studio Solution File, Format Version 12.00
# Visual Studio 15
VisualStudioVersion = 15.0.27703.2026
MinimumVisualStudioVersion = 10.0.40219.1
Project("{FAE04EC0-301F-11D3-BF4B-00C04F79EFBC}") = "MyWeb_ContosoUniversity", "MyWeb_ContosoUniversity\MyWeb_ContosoUniversity.csproj", "{67A25366-07BA-404D-BD9C-BBA89F689D91}"
EndProject
Global
	GlobalSection(SolutionConfigurationPlatforms) = preSolution
		Debug|Any CPU = Debug|Any CPU
		Release|Any CPU = Release|Any CPU
	EndGlobalSection
	GlobalSection(ProjectConfigurationPlatforms) = postSolution
		{67A25366-07BA-404D-BD9C-BBA89F689D91}.Debug|Any CPU.ActiveCfg = Debug|Any CPU
		{67A25366-07BA-404D-BD9C-BBA89F689D91}.Debug|Any CPU.Build.0 = Debug|Any CPU
		{67A25366-07BA-404D-BD9C-BBA89F689D91}.Release|Any CPU.ActiveCfg = Release|Any CPU
		{67A25366-07BA-404D-BD9C-BBA89F689D91}.Release|Any CPU.Build.0 = Release|Any CPU
	EndGlobalSection
	GlobalSection(SolutionProperties) = preSolution
		HideSolutionNode = FALSE
	EndGlobalSection
	GlobalSection(ExtensibilityGlobals) = postSolution
		SolutionGuid = {7D50FC78-3E44-41FC-ADBD-2CDBCF933FEE}
	EndGlobalSection
EndGlobal
